
Microsoft Visual Studio Solution File, Format Version 12.00
# Visual Studio Version 16
VisualStudioVersion = 16.0.30114.105
MinimumVisualStudioVersion = 10.0.40219.1
Project("{FAE04EC0-301F-11D3-BF4B-00C04F79EFBC}") = "EmitLog", "EmitLog\EmitLog.csproj", "{6DD71C4C-812A-4879-BD68-7E73AB85296B}"
EndProject
Project("{FAE04EC0-301F-11D3-BF4B-00C04F79EFBC}") = "ReceiveLogs", "ReceiveLogs\ReceiveLogs.csproj", "{57516E59-4A9D-4946-84C1-0901BAA49762}"
EndProject
Global
	GlobalSection(SolutionConfigurationPlatforms) = preSolution
		Debug|Any CPU = Debug|Any CPU
		Release|Any CPU = Release|Any CPU
	EndGlobalSection
	GlobalSection(SolutionProperties) = preSolution
		HideSolutionNode = FALSE
	EndGlobalSection
	GlobalSection(ProjectConfigurationPlatforms) = postSolution
		{6DD71C4C-812A-4879-BD68-7E73AB85296B}.Debug|Any CPU.ActiveCfg = Debug|Any CPU
		{6DD71C4C-812A-4879-BD68-7E73AB85296B}.Debug|Any CPU.Build.0 = Debug|Any CPU
		{6DD71C4C-812A-4879-BD68-7E73AB85296B}.Release|Any CPU.ActiveCfg = Release|Any CPU
		{6DD71C4C-812A-4879-BD68-7E73AB85296B}.Release|Any CPU.Build.0 = Release|Any CPU
		{57516E59-4A9D-4946-84C1-0901BAA49762}.Debug|Any CPU.ActiveCfg = Debug|Any CPU
		{57516E59-4A9D-4946-84C1-0901BAA49762}.Debug|Any CPU.Build.0 = Debug|Any CPU
		{57516E59-4A9D-4946-84C1-0901BAA49762}.Release|Any CPU.ActiveCfg = Release|Any CPU
		{57516E59-4A9D-4946-84C1-0901BAA49762}.Release|Any CPU.Build.0 = Release|Any CPU
	EndGlobalSection
EndGlobal
